#MicroXplorer Configuration settings - do not modify
PA11.GPIO_Speed=GPIO_SPEED_FREQ_LOW
PH0-OSC_IN.Locked=true
PD12.GPIO_Label=LD4 [Green Led]
PC7.GPIOParameters=GPIO_Speed,GPIO_PuPd,GPIO_Label,GPIO_Mode
PH0-OSC_IN.Signal=RCC_OSC_IN
PC10.GPIO_PuPd=GPIO_NOPULL
FATFS._USE_LFN=1
SPI1.VirtualType=VM_MASTER
PB10.GPIO_PuPd=GPIO_NOPULL
SPI2.VirtualType=VM_MASTER
PC12.Locked=true
PA10.GPIO_PuPd=GPIO_NOPULL
RCC.PLLCLKFreq_Value=168000000
PC12.Signal=I2S3_SD
PA14.GPIO_Label=SWCLK
RCC.PLLQCLKFreq_Value=48000000
PC7.Locked=true
I2S3.IPParameters=AudioFreq-Half_Duplex_Master,ErrorAudioFreq-Half_Duplex_Master,RealAudioFreq-Half_Duplex_Master,RealAudioFreq,ErrorAudioFreq,Instance,VirtualMode,FullDuplexMode
PD8.Locked=true
USB_HOST0.BSP.condition=
PC3.Locked=true
RCC.RTCFreq_Value=32000
PA6.GPIO_Label=SPI1_MISO [LIS302DL_SDO]
PB6.GPIO_Label=Audio_SCL [CS43L22_SCL]
PD4.Locked=true
PB13.Signal=SPI2_SCK
PC15-OSC32_OUT.GPIO_Label=PC15-OSC32_OUT
Dma.SPI2_TX.0.Instance=DMA1_Stream4
PinOutPanel.RotationAngle=0
PC3.GPIO_Speed=GPIO_SPEED_FREQ_LOW
RCC.SYSCLKSource=RCC_SYSCLKSOURCE_PLLCLK
PA6.GPIO_Mode=GPIO_MODE_AF_PP
NVIC.SVCall_IRQn=true\:0\:0\:false\:false\:true\:true\:false
PD14.GPIO_Speed=GPIO_SPEED_FREQ_LOW
PD15.GPIOParameters=GPIO_Speed,GPIO_PuPd,GPIO_Label
PA4.Mode=Half_Duplex_Master
SPI1.Direction=SPI_DIRECTION_2LINES
I2S3.AudioFreq-Half_Duplex_Master=I2S_AUDIOFREQ_96K
PD4.Signal=GPIO_Output
RCC.APB2TimFreq_Value=168000000
PB6.Signal=I2C1_SCL
PC7.Signal=I2S3_MCK
USB_HOST0.BSP.component=
PB6.Mode=I2C
SPI1.CalculateBaudRate=1.3125 MBits/s
PC3.Signal=I2S2_SD
PD8.Signal=GPIO_Output
PE1.Signal=GPXTI1
ProjectManager.ProjectBuild=false
NVIC.UsageFault_IRQn=true\:0\:0\:false\:false\:true\:true\:false
USB_OTG_FS.phy_itface=HCD_PHY_EMBEDDED
PB2.Signal=GPIO_Input
PA4.Locked=true
PB12.GPIO_Label=TFT_CS
ProjectManager.FirmwarePackage=STM32Cube FW_F4 V1.26.1
MxDb.Version=DB.6.0.21
I2S3.ErrorAudioFreq=-2.34 %
ProjectManager.BackupPrevious=false
PC4.GPIO_Label=SPI1_CS_Touch
PB14.Mode=Full_Duplex_Master
PA5.GPIO_PuPd=GPIO_NOPULL
I2S3.ErrorAudioFreq-Half_Duplex_Master=0.8 %
SPI2.CalculateBaudRate=21.0 MBits/s
PH1-OSC_OUT.Locked=true
PD5.GPIO_Mode=GPIO_MODE_INPUT
PD14.GPIO_PuPd=GPIO_NOPULL
PE1.Locked=true
PB6.Locked=true
NVIC.PendSV_IRQn=true\:0\:0\:false\:false\:true\:true\:false
ProjectManager.HalAssertFull=false
PB2.GPIO_PuPd=GPIO_NOPULL
SPI1.CalculateBaudRate-Full_Duplex_Master=42.0 MBits/s
RCC.MCO2PinFreq_Value=168000000
Mcu.Package=LQFP100
PB9.Signal=I2C1_SDA
PA5.Locked=true
SPI2.Mode=SPI_MODE_MASTER
PD12.Signal=GPIO_Output
PD5.GPIOParameters=GPIO_PuPd,GPIO_Label,GPIO_Mode
PA14.Locked=true
VP_SYS_VS_Systick.Signal=SYS_VS_Systick
PA10.Signal=USB_OTG_FS_ID
PB9.GPIO_PuPd=GPIO_NOPULL
PA5.GPIOParameters=GPIO_Speed,GPIO_PuPd,GPIO_Label,GPIO_Mode
Dma.SPI2_TX.0.PeriphInc=DMA_PINC_DISABLE
RCC.APB2CLKDivider=RCC_HCLK_DIV2
RCC.APB1TimFreq_Value=84000000
NVIC.BusFault_IRQn=true\:0\:0\:false\:false\:true\:true\:false
USB_OTG_FS.IPParameters=phy_itface,VirtualMode
PB10.GPIOParameters=GPIO_Speed,GPIO_PuPd,GPIO_Label,GPIO_Mode
PB13.Mode=Full_Duplex_Master
PC12.GPIO_PuPd=GPIO_NOPULL
PC15-OSC32_OUT.GPIOParameters=GPIO_Label
PA6.GPIO_Speed=GPIO_SPEED_FREQ_LOW
PA12.GPIO_PuPd=GPIO_NOPULL
VP_LIBJPEG_VS_JPEGLIB.Mode=Enabled
PD5.Locked=true
PA4.GPIO_Label=I2S3_WS [CS43L22_LRCK]
PD15.Signal=GPIO_Output
ProjectManager.CustomerFirmwarePackage=
PC0.PinState=GPIO_PIN_SET
PC4.GPIOParameters=PinState,GPIO_Label
PA5.Mode=Full_Duplex_Master
PA6.GPIOParameters=GPIO_Speed,GPIO_PuPd,GPIO_Label,GPIO_Mode
I2S3.FullDuplexMode=I2S_FULLDUPLEXMODE_DISABLE
ProjectManager.ProjectFileName=LVGL_Ported_To_ILI9341_STM32F407G.ioc
PD9.GPIO_Label=TFT_DC
Mcu.PinsNb=45
PC4.PinState=GPIO_PIN_SET
PA9.GPIO_Label=VBUS_FS
PB6.GPIO_PuPd=GPIO_NOPULL
VP_USB_HOST_VS_USB_HOST_MSC_FS.Mode=MSC_FS
PD13.GPIOParameters=GPIO_Speed,GPIO_PuPd,GPIO_Label
SH.GPXTI0.ConfNb=1
PA11.GPIO_Label=OTG_FS_DM
PE1.GPIO_PuPd=GPIO_NOPULL
PB14.Locked=true
PC0.Signal=GPIO_Output
RCC.APB1CLKDivider=RCC_HCLK_DIV4
PC14-OSC32_IN.Signal=RCC_OSC32_IN
USB_HOST.USBH_HandleTypeDef-MSC_FS=hUsbHostFS
PA0-WKUP.GPIO_ModeDefaultEXTI=GPIO_MODE_EVT_RISING
PA0-WKUP.GPIO_Label=B1 [Blue PushButton]
PA0-WKUP.Signal=GPXTI0
USB_HOST0.BSP.semaphore=
PC3.GPIOParameters=GPIO_Speed,GPIO_PuPd,GPIO_Label,GPIO_Mode
USB_HOST0.BSP.STBoard=false
PC10.GPIO_Mode=GPIO_MODE_AF_PP
PA11.Locked=true
PB10.GPIO_Mode=GPIO_MODE_AF_PP
PC15-OSC32_OUT.Locked=true
PA9.Signal=USB_OTG_FS_VBUS
PB9.Locked=true
I2S3.VirtualMode=I2S_MODE_MASTER
PC7.GPIO_PuPd=GPIO_NOPULL
PC5.GPIO_ModeDefaultEXTI=GPIO_MODE_IT_FALLING
PB10.Signal=I2S2_CK
PB14.Signal=SPI2_MISO
PA5.Signal=SPI1_SCK
Mcu.Pin40=PE1
Mcu.Pin41=VP_FATFS_VS_USB
PC12.Mode=Half_Duplex_Master
Mcu.Pin44=VP_USB_HOST_VS_USB_HOST_MSC_FS
Mcu.Pin42=VP_LIBJPEG_VS_JPEGLIB
Mcu.Pin43=VP_SYS_VS_Systick
PE1.GPIO_Label=MEMS_INT2 [LIS302DL_INT2]
ProjectManager.LastFirmware=true
USB_HOST.VirtualModeFS=Msc
PA7.GPIO_Speed=GPIO_SPEED_FREQ_LOW
PB2.GPIO_Mode=GPIO_MODE_INPUT
Mcu.Pin37=PB3
Mcu.Pin38=PB6
Mcu.Pin35=PD4
Mcu.Pin36=PD5
SPI1.Mode=SPI_MODE_MASTER
PD4.GPIO_Speed=GPIO_SPEED_FREQ_LOW
Mcu.Pin39=PB9
Mcu.Pin30=PA12
RCC.EthernetFreq_Value=168000000
Mcu.Pin33=PC10
PE3.GPIO_PuPd=GPIO_NOPULL
Mcu.Pin34=PC12
Mcu.Pin31=PA13
Mcu.Pin32=PA14
PA9.Locked=true
NVIC.NonMaskableInt_IRQn=true\:0\:0\:false\:false\:true\:true\:false
PC10.GPIOParameters=GPIO_Speed,GPIO_PuPd,GPIO_Label,GPIO_Mode
PH1-OSC_OUT.GPIO_Label=PH1-OSC_OUT
FATFS._USE_FIND=1
PA13.Mode=Serial_Wire
ProjectManager.FreePins=false
Dma.SPI2_TX.0.FIFOMode=DMA_FIFOMODE_DISABLE
Mcu.Pin26=PC7
Mcu.Pin27=PA9
RCC.RTCHSEDivFreq_Value=4000000
Mcu.Pin24=PD14
ProjectManager.UnderRoot=true
Mcu.Pin25=PD15
Mcu.Pin28=PA10
PC7.GPIO_Label=I2S3_MCK [CS43L22_MCLK]
Mcu.Pin29=PA11
PD14.GPIOParameters=GPIO_Speed,GPIO_PuPd,GPIO_Label
PA4.Signal=I2S3_WS
Mcu.Pin22=PD12
PC12.GPIO_Mode=GPIO_MODE_AF_PP
Mcu.Pin23=PD13
Mcu.Pin20=PD8
Mcu.Pin21=PD9
PA5.GPIO_Label=SPI1_SCK [LIS302DL_SCL/SPC]
PA10.Locked=true
NVIC.ForceEnableDMAVector=true
PE3.GPIO_Speed=GPIO_SPEED_FREQ_LOW
PA14.GPIOParameters=GPIO_Label
NVIC.MemoryManagement_IRQn=true\:0\:0\:false\:false\:true\:true\:false
PC12.GPIO_Label=I2S3_SD [CS43L22_SDIN]
ProjectManager.CompilerOptimize=6
PD15.Locked=true
PA11.Signal=USB_OTG_FS_DM
ProjectManager.HeapSize=0x1000
Mcu.Pin15=PB10
NVIC.HardFault_IRQn=true\:0\:0\:false\:false\:true\:true\:false
Mcu.Pin16=PB12
Mcu.Pin13=PC5
Mcu.Pin14=PB2
Mcu.Pin19=PB15
ProjectManager.ComputerToolchain=false
Mcu.Pin17=PB13
Mcu.Pin18=PB14
NVIC.PriorityGroup=NVIC_PRIORITYGROUP_0
VP_USB_HOST_VS_USB_HOST_MSC_FS.Signal=USB_HOST_VS_USB_HOST_MSC_FS
Mcu.Pin11=PA7
Mcu.Pin12=PC4
Mcu.Pin10=PA6
PE3.Signal=GPIO_Output
PC3.GPIO_Label=PDM_OUT [MP45DT02_DOUT]
PA0-WKUP.GPIO_PuPd=GPIO_NOPULL
I2S3.Instance=SPI$Index
PB6.GPIO_Speed=GPIO_SPEED_FREQ_LOW
SH.GPXTI1.ConfNb=1
SPI1.BaudRatePrescaler-Full_Duplex_Master=SPI_BAUDRATEPRESCALER_2
USB_HOST0.BSP.mode=Output
PA7.GPIOParameters=GPIO_Speed,GPIO_PuPd,GPIO_Label,GPIO_Mode
PC0.Locked=true
PB12.GPIOParameters=GPIO_Label
Mcu.Family=STM32F4
SH.GPXTI1.0=GPIO_EXTI1
ProjectManager.MainLocation=Core/Src
PC3.GPIO_Mode=GPIO_MODE_AF_PP
PA6.Mode=Full_Duplex_Master
Dma.SPI2_TX.0.MemInc=DMA_MINC_ENABLE
RCC.CortexFreq_Value=168000000
ProjectManager.KeepUserCode=true
Mcu.UserName=STM32F407VGTx
PB10.GPIO_Speed=GPIO_SPEED_FREQ_LOW
PD9.GPIOParameters=GPIO_Label
PB6.GPIO_Mode=GPIO_MODE_AF_OD
PC10.Locked=true
PD15.GPIO_Speed=GPIO_SPEED_FREQ_LOW
PC10.Signal=I2S3_CK
PC5.Locked=true
PA7.GPIO_Mode=GPIO_MODE_AF_PP
PA12.GPIOParameters=GPIO_Speed,GPIO_PuPd,GPIO_Label,GPIO_Mode
ProjectManager.functionlistsort=1-MX_GPIO_Init-GPIO-false-HAL-true,2-MX_DMA_Init-DMA-false-HAL-true,3-SystemClock_Config-RCC-false-HAL-false,4-MX_I2C1_Init-I2C1-false-HAL-true,5-MX_I2S3_Init-I2S3-false-HAL-true,6-MX_SPI1_Init-SPI1-false-HAL-true,7-MX_USB_HOST_Init-USB_HOST-false-HAL-false,8-MX_SPI2_Init-SPI2-false-LL-true,9-MX_FATFS_Init-FATFS-false-HAL-false,10-MX_LIBJPEG_Init-LIBJPEG-false-HAL-false
PC0.GPIOParameters=GPIO_Speed,PinState,GPIO_PuPd,GPIO_Label
PA9.GPIOParameters=GPIO_PuPd,GPIO_Label,GPIO_Mode
PA11.GPIOParameters=GPIO_Speed,GPIO_PuPd,GPIO_Label,GPIO_Mode
PC0.GPIO_Label=OTG_FS_PowerSwitchOn
PA11.Mode=Host_Only
PH0-OSC_IN.GPIOParameters=GPIO_Label
PC10.GPIO_Speed=GPIO_SPEED_FREQ_LOW
PA11.GPIO_PuPd=GPIO_NOPULL
Dma.SPI2_TX.0.RequestParameters=Instance,Direction,PeriphInc,MemInc,PeriphDataAlignment,MemDataAlignment,Mode,Priority,FIFOMode
NVIC.DMA1_Stream4_IRQn=true\:0\:0\:false\:true\:true\:2\:false\:true
PB15.Signal=SPI2_MOSI
ProjectManager.StackSize=0x1000
SPI1.Mode-Full_Duplex_Master=SPI_MODE_MASTER
Dma.SPI2_TX.0.MemDataAlignment=DMA_MDATAALIGN_HALFWORD
PD13.Signal=GPIO_Output
Mcu.IP4=LIBJPEG
Mcu.IP5=NVIC
RCC.FCLKCortexFreq_Value=168000000
Mcu.IP2=I2C1
PD13.Locked=true
Mcu.IP3=I2S3
Mcu.IP0=DMA
PA12.Locked=true
Mcu.IP1=FATFS
PA12.Signal=USB_OTG_FS_DP
Mcu.UserConstants=
Mcu.ThirdPartyNb=0
RCC.HCLKFreq_Value=168000000
VP_LIBJPEG_VS_JPEGLIB.Signal=LIBJPEG_VS_JPEGLIB
Mcu.IPNb=12
RCC.I2SClocksFreq_Value=96000000
ProjectManager.PreviousToolchain=
RCC.VcooutputI2S=96000000
PD8.GPIOParameters=GPIO_Label
Mcu.Pin6=PC3
Mcu.Pin7=PA0-WKUP
Mcu.Pin8=PA4
Mcu.Pin9=PA5
Dma.SPI2_TX.0.Mode=DMA_NORMAL
USB_HOST0.BSP.ip=GPIO
RCC.AHBFreq_Value=168000000
SPI2.BaudRatePrescaler=SPI_BAUDRATEPRESCALER_2
PH0-OSC_IN.Mode=HSE-External-Oscillator
PE3.PinState=GPIO_PIN_SET
Mcu.Pin0=PE3
PH0-OSC_IN.GPIO_Label=PH0-OSC_IN
Mcu.Pin1=PC14-OSC32_IN
GPIO.groupedBy=Group By Peripherals
Mcu.Pin2=PC15-OSC32_OUT
PA9.GPIO_Mode=GPIO_MODE_INPUT
Mcu.Pin3=PH0-OSC_IN
Mcu.Pin4=PH1-OSC_OUT
PA0-WKUP.GPIOParameters=GPIO_PuPd,GPIO_Label,GPIO_ModeDefaultEXTI
Mcu.Pin5=PC0
RCC.HSE_VALUE=8000000
NVIC.DebugMonitor_IRQn=true\:0\:0\:false\:false\:true\:true\:false
PA4.GPIO_PuPd=GPIO_NOPULL
Mcu.IP10=USB_HOST
NVIC.SysTick_IRQn=true\:0\:0\:false\:false\:true\:true\:true
Mcu.IP11=USB_OTG_FS
PA4.GPIO_Speed=GPIO_SPEED_FREQ_LOW
PA6.GPIO_PuPd=GPIO_NOPULL
PC14-OSC32_IN.Mode=LSE-External-Oscillator
RCC.VCOInputFreq_Value=1000000
PA14.Mode=Serial_Wire
File.Version=6
PA10.GPIO_Label=OTG_FS_ID
PC7.GPIO_Mode=GPIO_MODE_AF_PP
PE3.GPIOParameters=GPIO_Speed,PinState,GPIO_PuPd,GPIO_Label
PB3.GPIOParameters=GPIO_Label
PE3.Locked=true
USB_HOST0.BSP.i2creg=0
Dma.RequestsNb=1
PB6.GPIOParameters=GPIO_Speed,GPIO_PuPd,GPIO_Label,GPIO_Mode
PC14-OSC32_IN.GPIOParameters=GPIO_Label
ProjectManager.ProjectName=LVGL_Ported_To_ILI9341_STM32F407G
PA13.GPIOParameters=GPIO_Label
PH1-OSC_OUT.Mode=HSE-External-Oscillator
USB_HOST0.BSP.i2caddr=0
PD13.GPIO_Label=LD3 [Orange Led]
PA6.Signal=SPI1_MISO
PA7.Locked=true
PD5.GPIO_Label=OTG_FS_OverCurrent
NVIC.OTG_FS_IRQn=true\:0\:0\:false\:false\:true\:true\:true
ProjectManager.ToolChainLocation=
PD15.GPIO_PuPd=GPIO_NOPULL
PD14.Locked=true
RCC.LSI_VALUE=32000
SH.GPXTI0.0=GPIO_EXTI0
SH.GPXTI5.ConfNb=1
USB_OTG_FS.VirtualMode=Host_Only
PA10.GPIO_Speed=GPIO_SPEED_FREQ_LOW
VP_FATFS_VS_USB.Signal=FATFS_VS_USB
USB_HOST0.BSP.name=Drive_VBUS_FS
PB9.GPIO_Speed=GPIO_SPEED_FREQ_LOW
PC4.Locked=true
PC14-OSC32_IN.GPIO_Label=PC14-OSC32_IN
SPI2.Direction=SPI_DIRECTION_2LINES
PC5.Signal=GPXTI5
PC0.GPIO_PuPd=GPIO_NOPULL
Dma.Request0=SPI2_TX
SPI1.BaudRatePrescaler=SPI_BAUDRATEPRESCALER_64
PC14-OSC32_IN.Locked=true
PA12.GPIO_Speed=GPIO_SPEED_FREQ_LOW
PB3.Locked=true
PB3.GPIO_Label=SWO
PC15-OSC32_OUT.Mode=LSE-External-Oscillator
USB_HOST.IPParameters=VirtualModeFS,USBH_HandleTypeDef-MSC_FS
SH.GPXTI5.0=GPIO_EXTI5
PD12.GPIO_Speed=GPIO_SPEED_FREQ_LOW
PD15.GPIO_Label=LD6 [Blue Led]
PA7.Mode=Full_Duplex_Master
PB9.GPIO_Label=Audio_SDA [CS43L22_SDA]
PC10.GPIO_Label=I2S3_SCK [CS43L22_SCLK]
ProjectManager.NoMain=false
SPI1.IPParameters=CalculateBaudRate-Full_Duplex_Master,BaudRatePrescaler-Full_Duplex_Master,Mode-Full_Duplex_Master,Mode,VirtualType,Direction,BaudRatePrescaler,CalculateBaudRate
USB_HOST0.BSP.solution=PC0
PC4.Signal=GPIO_Output
PC10.Mode=Half_Duplex_Master
USB_HOST.BSP.number=1
ProjectManager.DefaultFWLocation=true
PD9.Signal=GPIO_Output
PD5.Signal=GPIO_Input
PB12.Locked=true
ProjectManager.DeletePrevious=true
PE1.GPIO_ModeDefaultEXTI=GPIO_MODE_EVT_RISING
PB10.Locked=true
boardIOC=true
PA9.GPIO_PuPd=GPIO_NOPULL
PA12.GPIO_Label=OTG_FS_DP
RCC.FamilyName=M
PA0-WKUP.Locked=true
PD8.GPIO_Label=TFT_RST
PA10.GPIO_Mode=GPIO_MODE_AF_PP
PB9.GPIOParameters=GPIO_Speed,GPIO_PuPd,GPIO_Label,GPIO_Mode
PD12.Locked=true
PC12.GPIOParameters=GPIO_Speed,GPIO_PuPd,GPIO_Label,GPIO_Mode
FATFS.IPParameters=_USE_FIND,_USE_LFN
PA13.Signal=SYS_JTMS-SWDIO
PD4.GPIO_PuPd=GPIO_NOPULL
PA9.Mode=Activate_VBUS
PC0.GPIO_Speed=GPIO_SPEED_FREQ_LOW
I2S3.RealAudioFreq-Half_Duplex_Master=96.774 KHz
PD12.GPIOParameters=GPIO_Speed,GPIO_PuPd,GPIO_Label
ProjectManager.TargetToolchain=STM32CubeIDE
PB10.GPIO_Label=CLK_IN [MP45DT02_CLK]
PC5.GPIOParameters=GPIO_Label,GPIO_ModeDefaultEXTI
PB9.Mode=I2C
PB2.GPIOParameters=GPIO_PuPd,GPIO_Label,GPIO_Mode
SPI2.IPParameters=VirtualType,Mode,Direction,CalculateBaudRate,BaudRatePrescaler
ProjectManager.RegisterCallBack=
PC15-OSC32_OUT.Signal=RCC_OSC32_OUT
PA7.GPIO_PuPd=GPIO_NOPULL
RCC.VCOI2SOutputFreq_Value=192000000
board=STM32F407G-DISC1
PD13.GPIO_Speed=GPIO_SPEED_FREQ_LOW
PC7.GPIO_Speed=GPIO_SPEED_FREQ_LOW
RCC.VCOOutputFreq_Value=336000000
PB15.Mode=Full_Duplex_Master
PB9.GPIO_Mode=GPIO_MODE_AF_OD
PA12.GPIO_Mode=GPIO_MODE_AF_PP
PA4.GPIO_Mode=GPIO_MODE_AF_PP
RCC.APB2Freq_Value=84000000
USB_HOST0.BSP.api=Unknown
MxCube.Version=6.2.1
PD4.GPIO_Label=Audio_RST [CS43L22_RESET]
Dma.SPI2_TX.0.PeriphDataAlignment=DMA_PDATAALIGN_HALFWORD
VP_SYS_VS_Systick.Mode=SysTick
PD4.GPIOParameters=GPIO_Speed,GPIO_PuPd,GPIO_Label
PA10.GPIOParameters=GPIO_Speed,GPIO_PuPd,GPIO_Label,GPIO_Mode
PH1-OSC_OUT.Signal=RCC_OSC_OUT
PD13.GPIO_PuPd=GPIO_NOPULL
PD5.GPIO_PuPd=GPIO_NOPULL
PD14.GPIO_Label=LD5 [Red Led]
PA4.GPIOParameters=GPIO_Speed,GPIO_PuPd,GPIO_Label,GPIO_Mode
RCC.IPParameters=48MHZClocksFreq_Value,AHBFreq_Value,APB1CLKDivider,APB1Freq_Value,APB1TimFreq_Value,APB2CLKDivider,APB2Freq_Value,APB2TimFreq_Value,CortexFreq_Value,EthernetFreq_Value,FCLKCortexFreq_Value,FamilyName,HCLKFreq_Value,HSE_VALUE,HSI_VALUE,I2SClocksFreq_Value,LSI_VALUE,MCO2PinFreq_Value,PLLCLKFreq_Value,PLLM,PLLN,PLLQ,PLLQCLKFreq_Value,RTCFreq_Value,RTCHSEDivFreq_Value,SYSCLKFreq_VALUE,SYSCLKSource,VCOI2SOutputFreq_Value,VCOInputFreq_Value,VCOOutputFreq_Value,VcooutputI2S
ProjectManager.AskForMigrate=true
Mcu.Name=STM32F407V(E-G)Tx
PA13.GPIO_Label=SWDIO
PB2.Locked=true
Mcu.IP8=SPI2
Mcu.IP9=SYS
PD14.Signal=GPIO_Output
Mcu.IP6=RCC
Mcu.IP7=SPI1
ProjectManager.CoupleFile=true
RCC.48MHZClocksFreq_Value=48000000
PB3.Signal=SYS_JTDO-SWO
Dma.SPI2_TX.0.Priority=DMA_PRIORITY_LOW
RCC.SYSCLKFreq_VALUE=168000000
PA7.GPIO_Label=SPI1_MOSI [LIS302DL_SDA/SDI/SDO]
PA12.Mode=Host_Only
KeepUserPlacement=false
PC5.GPIO_Label=TOUCH_IRQ
PA13.Locked=true
PH1-OSC_OUT.GPIOParameters=GPIO_Label
NVIC.EXTI9_5_IRQn=true\:0\:0\:false\:true\:true\:1\:true\:true
PA14.Signal=SYS_JTCK-SWCLK
PB2.GPIO_Label=BOOT1
VP_FATFS_VS_USB.Mode=USB
RCC.HSI_VALUE=16000000
PA5.GPIO_Speed=GPIO_SPEED_FREQ_LOW
RCC.PLLQ=7
I2S3.RealAudioFreq=93.75 KHz
RCC.PLLM=8
RCC.PLLN=336
PE3.GPIO_Label=CS_I2C/SPI [LIS302DL_CS_I2C/SPI]
PC7.Mode=Master_Clock_Activated
PA11.GPIO_Mode=GPIO_MODE_AF_PP
Dma.SPI2_TX.0.Direction=DMA_MEMORY_TO_PERIPH
PD9.Locked=true
RCC.APB1Freq_Value=42000000
PA5.GPIO_Mode=GPIO_MODE_AF_PP
PC12.GPIO_Speed=GPIO_SPEED_FREQ_LOW
ProjectManager.DeviceId=STM32F407VGTx
PB12.Signal=GPIO_Output
ProjectManager.LibraryCopy=1
PC3.GPIO_PuPd=GPIO_NOPULL
PD12.GPIO_PuPd=GPIO_NOPULL
PE1.GPIOParameters=GPIO_PuPd,GPIO_Label,GPIO_ModeDefaultEXTI
PA7.Signal=SPI1_MOSI
USB_HOST0.BSP.instance=PC0
PA6.Locked=true
isbadioc=false
